
Microsoft Visual Studio Solution File, Format Version 12.00
# Visual Studio Version 17
VisualStudioVersion = 17.0.32014.148
MinimumVisualStudioVersion = 10.0.40219.1
Project("{FAE04EC0-301F-11D3-BF4B-00C04F79EFBC}") = "PrototypeDesignPattern", "PrototypeDesignPattern\PrototypeDesignPattern.csproj", "{B0DF13C4-088D-4C22-980E-99C315DAED59}"
EndProject
Global
	GlobalSection(SolutionConfigurationPlatforms) = preSolution
		Debug|Any CPU = Debug|Any CPU
		Release|Any CPU = Release|Any CPU
	EndGlobalSection
	GlobalSection(ProjectConfigurationPlatforms) = postSolution
		{B0DF13C4-088D-4C22-980E-99C315DAED59}.Debug|Any CPU.ActiveCfg = Debug|Any CPU
		{B0DF13C4-088D-4C22-980E-99C315DAED59}.Debug|Any CPU.Build.0 = Debug|Any CPU
		{B0DF13C4-088D-4C22-980E-99C315DAED59}.Release|Any CPU.ActiveCfg = Release|Any CPU
		{B0DF13C4-088D-4C22-980E-99C315DAED59}.Release|Any CPU.Build.0 = Release|Any CPU
	EndGlobalSection
	GlobalSection(SolutionProperties) = preSolution
		HideSolutionNode = FALSE
	EndGlobalSection
	GlobalSection(ExtensibilityGlobals) = postSolution
		SolutionGuid = {83C1A04E-D3BD-4359-9EFB-8997FD711EFD}
	EndGlobalSection
EndGlobal
