
Microsoft Visual Studio Solution File, Format Version 12.00
# Visual Studio Version 17
VisualStudioVersion = 17.0.32014.148
MinimumVisualStudioVersion = 10.0.40219.1
Project("{9A19103F-16F7-4668-BE54-9A1E7A4F7556}") = "Proxy", "DP1_Proxy\Proxy.csproj", "{74F94214-3DF0-496B-8D04-1C8784866DE9}"
EndProject
Project("{FAE04EC0-301F-11D3-BF4B-00C04F79EFBC}") = "Decorator", "DeCorator\Decorator.csproj", "{CA60FBC7-08E2-4527-BE00-784EAA7E8B31}"
EndProject
Project("{FAE04EC0-301F-11D3-BF4B-00C04F79EFBC}") = "Adapter", "Adapter\Adapter.csproj", "{CED19CE5-339E-43DB-8DCE-A7C8B58E1464}"
EndProject
Project("{FAE04EC0-301F-11D3-BF4B-00C04F79EFBC}") = "Facade", "Facade\Facade.csproj", "{B51A0B46-73A8-40E9-80B9-94E42C65B2D1}"
EndProject
Global
	GlobalSection(SolutionConfigurationPlatforms) = preSolution
		Debug|Any CPU = Debug|Any CPU
		Release|Any CPU = Release|Any CPU
	EndGlobalSection
	GlobalSection(ProjectConfigurationPlatforms) = postSolution
		{74F94214-3DF0-496B-8D04-1C8784866DE9}.Debug|Any CPU.ActiveCfg = Debug|Any CPU
		{74F94214-3DF0-496B-8D04-1C8784866DE9}.Debug|Any CPU.Build.0 = Debug|Any CPU
		{74F94214-3DF0-496B-8D04-1C8784866DE9}.Release|Any CPU.ActiveCfg = Release|Any CPU
		{74F94214-3DF0-496B-8D04-1C8784866DE9}.Release|Any CPU.Build.0 = Release|Any CPU
		{CA60FBC7-08E2-4527-BE00-784EAA7E8B31}.Debug|Any CPU.ActiveCfg = Debug|Any CPU
		{CA60FBC7-08E2-4527-BE00-784EAA7E8B31}.Debug|Any CPU.Build.0 = Debug|Any CPU
		{CA60FBC7-08E2-4527-BE00-784EAA7E8B31}.Release|Any CPU.ActiveCfg = Release|Any CPU
		{CA60FBC7-08E2-4527-BE00-784EAA7E8B31}.Release|Any CPU.Build.0 = Release|Any CPU
		{CED19CE5-339E-43DB-8DCE-A7C8B58E1464}.Debug|Any CPU.ActiveCfg = Debug|Any CPU
		{CED19CE5-339E-43DB-8DCE-A7C8B58E1464}.Debug|Any CPU.Build.0 = Debug|Any CPU
		{CED19CE5-339E-43DB-8DCE-A7C8B58E1464}.Release|Any CPU.ActiveCfg = Release|Any CPU
		{CED19CE5-339E-43DB-8DCE-A7C8B58E1464}.Release|Any CPU.Build.0 = Release|Any CPU
		{B51A0B46-73A8-40E9-80B9-94E42C65B2D1}.Debug|Any CPU.ActiveCfg = Debug|Any CPU
		{B51A0B46-73A8-40E9-80B9-94E42C65B2D1}.Debug|Any CPU.Build.0 = Debug|Any CPU
		{B51A0B46-73A8-40E9-80B9-94E42C65B2D1}.Release|Any CPU.ActiveCfg = Release|Any CPU
		{B51A0B46-73A8-40E9-80B9-94E42C65B2D1}.Release|Any CPU.Build.0 = Release|Any CPU
	EndGlobalSection
	GlobalSection(SolutionProperties) = preSolution
		HideSolutionNode = FALSE
	EndGlobalSection
	GlobalSection(ExtensibilityGlobals) = postSolution
		SolutionGuid = {5356A7E1-0F5D-4EC2-B363-7C7C0DD051C4}
	EndGlobalSection
EndGlobal
